
Microsoft Visual Studio Solution File, Format Version 12.00
# Visual Studio Version 17
VisualStudioVersion = 17.3.32929.385
MinimumVisualStudioVersion = 10.0.40219.1
Project("{FAE04EC0-301F-11D3-BF4B-00C04F79EFBC}") = "CНеделя2_Задание6_3", "CНеделя2_Задание6_3\CНеделя2_Задание6_3.csproj", "{BE0DFD1E-B4F5-492B-B89C-3A93D726A473}"
EndProject
Global
	GlobalSection(SolutionConfigurationPlatforms) = preSolution
		Debug|Any CPU = Debug|Any CPU
		Release|Any CPU = Release|Any CPU
	EndGlobalSection
	GlobalSection(ProjectConfigurationPlatforms) = postSolution
		{BE0DFD1E-B4F5-492B-B89C-3A93D726A473}.Debug|Any CPU.ActiveCfg = Debug|Any CPU
		{BE0DFD1E-B4F5-492B-B89C-3A93D726A473}.Debug|Any CPU.Build.0 = Debug|Any CPU
		{BE0DFD1E-B4F5-492B-B89C-3A93D726A473}.Release|Any CPU.ActiveCfg = Release|Any CPU
		{BE0DFD1E-B4F5-492B-B89C-3A93D726A473}.Release|Any CPU.Build.0 = Release|Any CPU
	EndGlobalSection
	GlobalSection(SolutionProperties) = preSolution
		HideSolutionNode = FALSE
	EndGlobalSection
	GlobalSection(ExtensibilityGlobals) = postSolution
		SolutionGuid = {3DC28FAD-74C6-49C5-945E-65679EB80D0B}
	EndGlobalSection
EndGlobal
