
Microsoft Visual Studio Solution File, Format Version 12.00
# Visual Studio Version 17
VisualStudioVersion = 17.3.32929.385
MinimumVisualStudioVersion = 10.0.40219.1
Project("{FAE04EC0-301F-11D3-BF4B-00C04F79EFBC}") = "CНеделя3_Задание8", "CНеделя3_Задание8\CНеделя3_Задание8.csproj", "{1EBC83A8-F740-482E-A315-D6BE76DAC2A1}"
EndProject
Global
	GlobalSection(SolutionConfigurationPlatforms) = preSolution
		Debug|Any CPU = Debug|Any CPU
		Release|Any CPU = Release|Any CPU
	EndGlobalSection
	GlobalSection(ProjectConfigurationPlatforms) = postSolution
		{1EBC83A8-F740-482E-A315-D6BE76DAC2A1}.Debug|Any CPU.ActiveCfg = Debug|Any CPU
		{1EBC83A8-F740-482E-A315-D6BE76DAC2A1}.Debug|Any CPU.Build.0 = Debug|Any CPU
		{1EBC83A8-F740-482E-A315-D6BE76DAC2A1}.Release|Any CPU.ActiveCfg = Release|Any CPU
		{1EBC83A8-F740-482E-A315-D6BE76DAC2A1}.Release|Any CPU.Build.0 = Release|Any CPU
	EndGlobalSection
	GlobalSection(SolutionProperties) = preSolution
		HideSolutionNode = FALSE
	EndGlobalSection
	GlobalSection(ExtensibilityGlobals) = postSolution
		SolutionGuid = {030DCBBD-2ED3-4E52-B50F-1C2AE2ACCFED}
	EndGlobalSection
EndGlobal
