
Microsoft Visual Studio Solution File, Format Version 12.00
# Visual Studio Version 17
VisualStudioVersion = 17.3.32929.385
MinimumVisualStudioVersion = 10.0.40219.1
Project("{FAE04EC0-301F-11D3-BF4B-00C04F79EFBC}") = "CНеделя2_Задание6_1and2", "CНеделя2_Задание6_1and2\CНеделя2_Задание6_1and2.csproj", "{D9FC0DE6-D9EA-4EE5-80CE-CC779CD50828}"
EndProject
Global
	GlobalSection(SolutionConfigurationPlatforms) = preSolution
		Debug|Any CPU = Debug|Any CPU
		Release|Any CPU = Release|Any CPU
	EndGlobalSection
	GlobalSection(ProjectConfigurationPlatforms) = postSolution
		{D9FC0DE6-D9EA-4EE5-80CE-CC779CD50828}.Debug|Any CPU.ActiveCfg = Debug|Any CPU
		{D9FC0DE6-D9EA-4EE5-80CE-CC779CD50828}.Debug|Any CPU.Build.0 = Debug|Any CPU
		{D9FC0DE6-D9EA-4EE5-80CE-CC779CD50828}.Release|Any CPU.ActiveCfg = Release|Any CPU
		{D9FC0DE6-D9EA-4EE5-80CE-CC779CD50828}.Release|Any CPU.Build.0 = Release|Any CPU
	EndGlobalSection
	GlobalSection(SolutionProperties) = preSolution
		HideSolutionNode = FALSE
	EndGlobalSection
	GlobalSection(ExtensibilityGlobals) = postSolution
		SolutionGuid = {1CB928A3-8818-46DA-9377-1EE43CF69A02}
	EndGlobalSection
EndGlobal
