
Microsoft Visual Studio Solution File, Format Version 12.00
# Visual Studio Version 17
VisualStudioVersion = 17.3.32929.385
MinimumVisualStudioVersion = 10.0.40219.1
Project("{FAE04EC0-301F-11D3-BF4B-00C04F79EFBC}") = "задание 3", "задание 3\задание 3.csproj", "{A3F7239A-8BCF-4ED7-B28B-A26AD305B0D1}"
EndProject
Global
	GlobalSection(SolutionConfigurationPlatforms) = preSolution
		Debug|Any CPU = Debug|Any CPU
		Release|Any CPU = Release|Any CPU
	EndGlobalSection
	GlobalSection(ProjectConfigurationPlatforms) = postSolution
		{A3F7239A-8BCF-4ED7-B28B-A26AD305B0D1}.Debug|Any CPU.ActiveCfg = Debug|Any CPU
		{A3F7239A-8BCF-4ED7-B28B-A26AD305B0D1}.Debug|Any CPU.Build.0 = Debug|Any CPU
		{A3F7239A-8BCF-4ED7-B28B-A26AD305B0D1}.Release|Any CPU.ActiveCfg = Release|Any CPU
		{A3F7239A-8BCF-4ED7-B28B-A26AD305B0D1}.Release|Any CPU.Build.0 = Release|Any CPU
	EndGlobalSection
	GlobalSection(SolutionProperties) = preSolution
		HideSolutionNode = FALSE
	EndGlobalSection
	GlobalSection(ExtensibilityGlobals) = postSolution
		SolutionGuid = {83FE1C68-4C43-4149-9A80-5729942C2E3E}
	EndGlobalSection
EndGlobal
