
Microsoft Visual Studio Solution File, Format Version 12.00
# Visual Studio Version 16
VisualStudioVersion = 16.0.30503.244
MinimumVisualStudioVersion = 10.0.40219.1
Project("{FAE04EC0-301F-11D3-BF4B-00C04F79EFBC}") = "CНеделя3_Задание12", "CНеделя3_Задание12\CНеделя3_Задание12.csproj", "{5030CC77-34E4-492C-8DA8-451A2E0B1AC4}"
EndProject
Global
	GlobalSection(SolutionConfigurationPlatforms) = preSolution
		Debug|Any CPU = Debug|Any CPU
		Release|Any CPU = Release|Any CPU
	EndGlobalSection
	GlobalSection(ProjectConfigurationPlatforms) = postSolution
		{5030CC77-34E4-492C-8DA8-451A2E0B1AC4}.Debug|Any CPU.ActiveCfg = Debug|Any CPU
		{5030CC77-34E4-492C-8DA8-451A2E0B1AC4}.Debug|Any CPU.Build.0 = Debug|Any CPU
		{5030CC77-34E4-492C-8DA8-451A2E0B1AC4}.Release|Any CPU.ActiveCfg = Release|Any CPU
		{5030CC77-34E4-492C-8DA8-451A2E0B1AC4}.Release|Any CPU.Build.0 = Release|Any CPU
	EndGlobalSection
	GlobalSection(SolutionProperties) = preSolution
		HideSolutionNode = FALSE
	EndGlobalSection
	GlobalSection(ExtensibilityGlobals) = postSolution
		SolutionGuid = {235DE72B-7AD8-4326-B194-F7E43687A50D}
	EndGlobalSection
EndGlobal
